
Microsoft Visual Studio Solution File, Format Version 12.00
# Visual Studio Version 17
VisualStudioVersion = 17.10.35122.118
MinimumVisualStudioVersion = 10.0.40219.1
Project("{FAE04EC0-301F-11D3-BF4B-00C04F79EFBC}") = "HotelBookingSystem", "HotelBookingSystem\HotelBookingSystem.csproj", "{233B7747-4CA6-412B-B5DF-D546DD2528BB}"
EndProject
Global
	GlobalSection(SolutionConfigurationPlatforms) = preSolution
		Debug|Any CPU = Debug|Any CPU
		Release|Any CPU = Release|Any CPU
	EndGlobalSection
	GlobalSection(ProjectConfigurationPlatforms) = postSolution
		{233B7747-4CA6-412B-B5DF-D546DD2528BB}.Debug|Any CPU.ActiveCfg = Debug|Any CPU
		{233B7747-4CA6-412B-B5DF-D546DD2528BB}.Debug|Any CPU.Build.0 = Debug|Any CPU
		{233B7747-4CA6-412B-B5DF-D546DD2528BB}.Release|Any CPU.ActiveCfg = Release|Any CPU
		{233B7747-4CA6-412B-B5DF-D546DD2528BB}.Release|Any CPU.Build.0 = Release|Any CPU
	EndGlobalSection
	GlobalSection(SolutionProperties) = preSolution
		HideSolutionNode = FALSE
	EndGlobalSection
	GlobalSection(ExtensibilityGlobals) = postSolution
		SolutionGuid = {3F8336A3-A674-4898-A6B2-62729BFFCF7E}
	EndGlobalSection
EndGlobal
